
Microsoft Visual Studio Solution File, Format Version 12.00
# Visual Studio Version 17
VisualStudioVersion = 17.13.35806.99 d17.13
MinimumVisualStudioVersion = 10.0.40219.1
Project("{FAE04EC0-301F-11D3-BF4B-00C04F79EFBC}") = "modul15_2411104059", "modul15_2411104059\modul15_2411104059.csproj", "{BF5B0501-FF9A-4A89-BFB4-B03020684AC4}"
EndProject
Global
	GlobalSection(SolutionConfigurationPlatforms) = preSolution
		Debug|Any CPU = Debug|Any CPU
		Release|Any CPU = Release|Any CPU
	EndGlobalSection
	GlobalSection(ProjectConfigurationPlatforms) = postSolution
		{BF5B0501-FF9A-4A89-BFB4-B03020684AC4}.Debug|Any CPU.ActiveCfg = Debug|Any CPU
		{BF5B0501-FF9A-4A89-BFB4-B03020684AC4}.Debug|Any CPU.Build.0 = Debug|Any CPU
		{BF5B0501-FF9A-4A89-BFB4-B03020684AC4}.Release|Any CPU.ActiveCfg = Release|Any CPU
		{BF5B0501-FF9A-4A89-BFB4-B03020684AC4}.Release|Any CPU.Build.0 = Release|Any CPU
	EndGlobalSection
	GlobalSection(SolutionProperties) = preSolution
		HideSolutionNode = FALSE
	EndGlobalSection
	GlobalSection(ExtensibilityGlobals) = postSolution
		SolutionGuid = {659B43E3-495B-4767-AB3F-B09D35352BC9}
	EndGlobalSection
EndGlobal
