
Microsoft Visual Studio Solution File, Format Version 12.00
# Visual Studio Version 17
VisualStudioVersion = 17.13.35806.99 d17.13
MinimumVisualStudioVersion = 10.0.40219.1
Project("{FAE04EC0-301F-11D3-BF4B-00C04F79EFBC}") = "tpmodul14_2311104059", "tpmodul14_2311104059\tpmodul14_2311104059.csproj", "{2193BB61-0D11-4A34-8AB8-3A86880506BF}"
EndProject
Global
	GlobalSection(SolutionConfigurationPlatforms) = preSolution
		Debug|Any CPU = Debug|Any CPU
		Release|Any CPU = Release|Any CPU
	EndGlobalSection
	GlobalSection(ProjectConfigurationPlatforms) = postSolution
		{2193BB61-0D11-4A34-8AB8-3A86880506BF}.Debug|Any CPU.ActiveCfg = Debug|Any CPU
		{2193BB61-0D11-4A34-8AB8-3A86880506BF}.Debug|Any CPU.Build.0 = Debug|Any CPU
		{2193BB61-0D11-4A34-8AB8-3A86880506BF}.Release|Any CPU.ActiveCfg = Release|Any CPU
		{2193BB61-0D11-4A34-8AB8-3A86880506BF}.Release|Any CPU.Build.0 = Release|Any CPU
	EndGlobalSection
	GlobalSection(SolutionProperties) = preSolution
		HideSolutionNode = FALSE
	EndGlobalSection
	GlobalSection(ExtensibilityGlobals) = postSolution
		SolutionGuid = {3FF86D28-391E-41A6-B1FC-0C7B227F9884}
	EndGlobalSection
EndGlobal
