
Microsoft Visual Studio Solution File, Format Version 12.00
# Visual Studio Version 17
VisualStudioVersion = 17.13.35806.99
MinimumVisualStudioVersion = 10.0.40219.1
Project("{FAE04EC0-301F-11D3-BF4B-00C04F79EFBC}") = "Jurnal_Modul_6", "Jutnal_Modul_6\Jurnal_Modul_6.csproj", "{765DBC24-F067-48AE-8A9A-9BBB1056C9CA}"
EndProject
Global
	GlobalSection(SolutionConfigurationPlatforms) = preSolution
		Debug|Any CPU = Debug|Any CPU
		Release|Any CPU = Release|Any CPU
	EndGlobalSection
	GlobalSection(ProjectConfigurationPlatforms) = postSolution
		{765DBC24-F067-48AE-8A9A-9BBB1056C9CA}.Debug|Any CPU.ActiveCfg = Debug|Any CPU
		{765DBC24-F067-48AE-8A9A-9BBB1056C9CA}.Debug|Any CPU.Build.0 = Debug|Any CPU
		{765DBC24-F067-48AE-8A9A-9BBB1056C9CA}.Release|Any CPU.ActiveCfg = Release|Any CPU
		{765DBC24-F067-48AE-8A9A-9BBB1056C9CA}.Release|Any CPU.Build.0 = Release|Any CPU
	EndGlobalSection
	GlobalSection(SolutionProperties) = preSolution
		HideSolutionNode = FALSE
	EndGlobalSection
	GlobalSection(ExtensibilityGlobals) = postSolution
		SolutionGuid = {37806DB1-B825-4206-A66A-6D43525DAE70}
	EndGlobalSection
EndGlobal
