
Microsoft Visual Studio Solution File, Format Version 12.00
# Visual Studio Version 17
VisualStudioVersion = 17.13.35806.99 d17.13
MinimumVisualStudioVersion = 10.0.40219.1
Project("{FAE04EC0-301F-11D3-BF4B-00C04F79EFBC}") = "tpmodul2_2311104059", "tpmodul2_2311104059\tpmodul2_2311104059.csproj", "{11D4A866-FFC3-4A9A-8778-B3ECAEAA1028}"
EndProject
Global
	GlobalSection(SolutionConfigurationPlatforms) = preSolution
		Debug|Any CPU = Debug|Any CPU
		Release|Any CPU = Release|Any CPU
	EndGlobalSection
	GlobalSection(ProjectConfigurationPlatforms) = postSolution
		{11D4A866-FFC3-4A9A-8778-B3ECAEAA1028}.Debug|Any CPU.ActiveCfg = Debug|Any CPU
		{11D4A866-FFC3-4A9A-8778-B3ECAEAA1028}.Debug|Any CPU.Build.0 = Debug|Any CPU
		{11D4A866-FFC3-4A9A-8778-B3ECAEAA1028}.Release|Any CPU.ActiveCfg = Release|Any CPU
		{11D4A866-FFC3-4A9A-8778-B3ECAEAA1028}.Release|Any CPU.Build.0 = Release|Any CPU
	EndGlobalSection
	GlobalSection(SolutionProperties) = preSolution
		HideSolutionNode = FALSE
	EndGlobalSection
	GlobalSection(ExtensibilityGlobals) = postSolution
		SolutionGuid = {BA1C3EBD-7AEF-46B4-8AB6-513B82133FB7}
	EndGlobalSection
EndGlobal
